// !$*UTF8*$!
{
	archiveVersion = 1;
	classes = {
	};
	objectVersion = 48;
	objects = {

/* Begin PBXBuildFile section */
		A7019F07204D22AD0010EE19 /* AppDelegate.swift in Sources */ = {isa = PBXBuildFile; fileRef = A7019F06204D22AD0010EE19 /* AppDelegate.swift */; };
		A7019F09204D22AD0010EE19 /* ViewController.swift in Sources */ = {isa = PBXBuildFile; fileRef = A7019F08204D22AD0010EE19 /* ViewController.swift */; };
		A7019F0C204D22AD0010EE19 /* Main.storyboard in Resources */ = {isa = PBXBuildFile; fileRef = A7019F0A204D22AD0010EE19 /* Main.storyboard */; };
		A7019F0E204D22AD0010EE19 /* Assets.xcassets in Resources */ = {isa = PBXBuildFile; fileRef = A7019F0D204D22AD0010EE19 /* Assets.xcassets */; };
		A7019F11204D22AD0010EE19 /* LaunchScreen.storyboard in Resources */ = {isa = PBXBuildFile; fileRef = A7019F0F204D22AD0010EE19 /* LaunchScreen.storyboard */; };
		A7019F1C204D22AD0010EE19 /* UITableViewSampleTests.swift in Sources */ = {isa = PBXBuildFile; fileRef = A7019F1B204D22AD0010EE19 /* UITableViewSampleTests.swift */; };
		A7019F27204D22AD0010EE19 /* UITableViewSampleUITests.swift in Sources */ = {isa = PBXBuildFile; fileRef = A7019F26204D22AD0010EE19 /* UITableViewSampleUITests.swift */; };
/* End PBXBuildFile section */

/* Begin PBXContainerItemProxy section */
		A7019F18204D22AD0010EE19 /* PBXContainerItemProxy */ = {
			isa = PBXContainerItemProxy;
			containerPortal = A7019EFB204D22AD0010EE19 /* Project object */;
			proxyType = 1;
			remoteGlobalIDString = A7019F02204D22AD0010EE19;
			remoteInfo = UITableViewSample;
		};
		A7019F23204D22AD0010EE19 /* PBXContainerItemProxy */ = {
			isa = PBXContainerItemProxy;
			containerPortal = A7019EFB204D22AD0010EE19 /* Project object */;
			proxyType = 1;
			remoteGlobalIDString = A7019F02204D22AD0010EE19;
			remoteInfo = UITableViewSample;
		};
/* End PBXContainerItemProxy section */

/* Begin PBXFileReference section */
		A7019F03204D22AD0010EE19 /* UITableViewSample.app */ = {isa = PBXFileReference; explicitFileType = wrapper.application; includeInIndex = 0; path = UITableViewSample.app; sourceTree = BUILT_PRODUCTS_DIR; };
		A7019F06204D22AD0010EE19 /* AppDelegate.swift */ = {isa = PBXFileReference; lastKnownFileType = sourcecode.swift; path = AppDelegate.swift; sourceTree = "<group>"; };
		A7019F08204D22AD0010EE19 /* ViewController.swift */ = {isa = PBXFileReference; lastKnownFileType = sourcecode.swift; path = ViewController.swift; sourceTree = "<group>"; };
		A7019F0B204D22AD0010EE19 /* Base */ = {isa = PBXFileReference; lastKnownFileType = file.storyboard; name = Base; path = Base.lproj/Main.storyboard; sourceTree = "<group>"; };
		A7019F0D204D22AD0010EE19 /* Assets.xcassets */ = {isa = PBXFileReference; lastKnownFileType = folder.assetcatalog; path = Assets.xcassets; sourceTree = "<group>"; };
		A7019F10204D22AD0010EE19 /* Base */ = {isa = PBXFileReference; lastKnownFileType = file.storyboard; name = Base; path = Base.lproj/LaunchScreen.storyboard; sourceTree = "<group>"; };
		A7019F12204D22AD0010EE19 /* Info.plist */ = {isa = PBXFileReference; lastKnownFileType = text.plist.xml; path = Info.plist; sourceTree = "<group>"; };
		A7019F17204D22AD0010EE19 /* UITableViewSampleTests.xctest */ = {isa = PBXFileReference; explicitFileType = wrapper.cfbundle; includeInIndex = 0; path = UITableViewSampleTests.xctest; sourceTree = BUILT_PRODUCTS_DIR; };
		A7019F1B204D22AD0010EE19 /* UITableViewSampleTests.swift */ = {isa = PBXFileReference; lastKnownFileType = sourcecode.swift; path = UITableViewSampleTests.swift; sourceTree = "<group>"; };
		A7019F1D204D22AD0010EE19 /* Info.plist */ = {isa = PBXFileReference; lastKnownFileType = text.plist.xml; path = Info.plist; sourceTree = "<group>"; };
		A7019F22204D22AD0010EE19 /* UITableViewSampleUITests.xctest */ = {isa = PBXFileReference; explicitFileType = wrapper.cfbundle; includeInIndex = 0; path = UITableViewSampleUITests.xctest; sourceTree = BUILT_PRODUCTS_DIR; };
		A7019F26204D22AD0010EE19 /* UITableViewSampleUITests.swift */ = {isa = PBXFileReference; lastKnownFileType = sourcecode.swift; path = UITableViewSampleUITests.swift; sourceTree = "<group>"; };
		A7019F28204D22AD0010EE19 /* Info.plist */ = {isa = PBXFileReference; lastKnownFileType = text.plist.xml; path = Info.plist; sourceTree = "<group>"; };
/* End PBXFileReference section */

/* Begin PBXFrameworksBuildPhase section */
		A7019F00204D22AD0010EE19 /* Frameworks */ = {
			isa = PBXFrameworksBuildPhase;
			buildActionMask = 2147483647;
			files = (
			);
			runOnlyForDeploymentPostprocessing = 0;
		};
		A7019F14204D22AD0010EE19 /* Frameworks */ = {
			isa = PBXFrameworksBuildPhase;
			buildActionMask = 2147483647;
			files = (
			);
			runOnlyForDeploymentPostprocessing = 0;
		};
		A7019F1F204D22AD0010EE19 /* Frameworks */ = {
			isa = PBXFrameworksBuildPhase;
			buildActionMask = 2147483647;
			files = (
			);
			runOnlyForDeploymentPostprocessing = 0;
		};
/* End PBXFrameworksBuildPhase section */

/* Begin PBXGroup section */
		A7019EFA204D22AD0010EE19 = {
			isa = PBXGroup;
			children = (
				A7019F05204D22AD0010EE19 /* UITableViewSample */,
				A7019F1A204D22AD0010EE19 /* UITableViewSampleTests */,
				A7019F25204D22AD0010EE19 /* UITableViewSampleUITests */,
				A7019F04204D22AD0010EE19 /* Products */,
			);
			sourceTree = "<group>";
		};
		A7019F04204D22AD0010EE19 /* Products */ = {
			isa = PBXGroup;
			children = (
				A7019F03204D22AD0010EE19 /* UITableViewSample.app */,
				A7019F17204D22AD0010EE19 /* UITableViewSampleTests.xctest */,
				A7019F22204D22AD0010EE19 /* UITableViewSampleUITests.xctest */,
			);
			name = Products;
			sourceTree = "<group>";
		};
		A7019F05204D22AD0010EE19 /* UITableViewSample */ = {
			isa = PBXGroup;
			children = (
				A7019F06204D22AD0010EE19 /* AppDelegate.swift */,
				A7019F08204D22AD0010EE19 /* ViewController.swift */,
				A7019F0A204D22AD0010EE19 /* Main.storyboard */,
				A7019F0D204D22AD0010EE19 /* Assets.xcassets */,
				A7019F0F204D22AD0010EE19 /* LaunchScreen.storyboard */,
				A7019F12204D22AD0010EE19 /* Info.plist */,
			);
			path = UITableViewSample;
			sourceTree = "<group>";
		};
		A7019F1A204D22AD0010EE19 /* UITableViewSampleTests */ = {
			isa = PBXGroup;
			children = (
				A7019F1B204D22AD0010EE19 /* UITableViewSampleTests.swift */,
				A7019F1D204D22AD0010EE19 /* Info.plist */,
			);
			path = UITableViewSampleTests;
			sourceTree = "<group>";
		};
		A7019F25204D22AD0010EE19 /* UITableViewSampleUITests */ = {
			isa = PBXGroup;
			children = (
				A7019F26204D22AD0010EE19 /* UITableViewSampleUITests.swift */,
				A7019F28204D22AD0010EE19 /* Info.plist */,
			);
			path = UITableViewSampleUITests;
			sourceTree = "<group>";
		};
/* End PBXGroup section */

/* Begin PBXNativeTarget section */
		A7019F02204D22AD0010EE19 /* UITableViewSample */ = {
			isa = PBXNativeTarget;
			buildConfigurationList = A7019F2B204D22AD0010EE19 /* Build configuration list for PBXNativeTarget "UITableViewSample" */;
			buildPhases = (
				A7019EFF204D22AD0010EE19 /* Sources */,
				A7019F00204D22AD0010EE19 /* Frameworks */,
				A7019F01204D22AD0010EE19 /* Resources */,
			);
			buildRules = (
			);
			dependencies = (
			);
			name = UITableViewSample;
			productName = UITableViewSample;
			productReference = A7019F03204D22AD0010EE19 /* UITableViewSample.app */;
			productType = "com.apple.product-type.application";
		};
		A7019F16204D22AD0010EE19 /* UITableViewSampleTests */ = {
			isa = PBXNativeTarget;
			buildConfigurationList = A7019F2E204D22AD0010EE19 /* Build configuration list for PBXNativeTarget "UITableViewSampleTests" */;
			buildPhases = (
				A7019F13204D22AD0010EE19 /* Sources */,
				A7019F14204D22AD0010EE19 /* Frameworks */,
				A7019F15204D22AD0010EE19 /* Resources */,
			);
			buildRules = (
			);
			dependencies = (
				A7019F19204D22AD0010EE19 /* PBXTargetDependency */,
			);
			name = UITableViewSampleTests;
			productName = UITableViewSampleTests;
			productReference = A7019F17204D22AD0010EE19 /* UITableViewSampleTests.xctest */;
			productType = "com.apple.product-type.bundle.unit-test";
		};
		A7019F21204D22AD0010EE19 /* UITableViewSampleUITests */ = {
			isa = PBXNativeTarget;
			buildConfigurationList = A7019F31204D22AD0010EE19 /* Build configuration list for PBXNativeTarget "UITableViewSampleUITests" */;
			buildPhases = (
				A7019F1E204D22AD0010EE19 /* Sources */,
				A7019F1F204D22AD0010EE19 /* Frameworks */,
				A7019F20204D22AD0010EE19 /* Resources */,
			);
			buildRules = (
			);
			dependencies = (
				A7019F24204D22AD0010EE19 /* PBXTargetDependency */,
			);
			name = UITableViewSampleUITests;
			productName = UITableViewSampleUITests;
			productReference = A7019F22204D22AD0010EE19 /* UITableViewSampleUITests.xctest */;
			productType = "com.apple.product-type.bundle.ui-testing";
		};
/* End PBXNativeTarget section */

/* Begin PBXProject section */
		A7019EFB204D22AD0010EE19 /* Project object */ = {
			isa = PBXProject;
			attributes = {
				LastSwiftUpdateCheck = 0920;
				LastUpgradeCheck = 0920;
				ORGANIZATIONNAME = "岡野 直史";
				TargetAttributes = {
					A7019F02204D22AD0010EE19 = {
						CreatedOnToolsVersion = 9.2;
						ProvisioningStyle = Automatic;
					};
					A7019F16204D22AD0010EE19 = {
						CreatedOnToolsVersion = 9.2;
						ProvisioningStyle = Automatic;
						TestTargetID = A7019F02204D22AD0010EE19;
					};
					A7019F21204D22AD0010EE19 = {
						CreatedOnToolsVersion = 9.2;
						ProvisioningStyle = Automatic;
						TestTargetID = A7019F02204D22AD0010EE19;
					};
				};
			};
			buildConfigurationList = A7019EFE204D22AD0010EE19 /* Build configuration list for PBXProject "UITableViewSample" */;
			compatibilityVersion = "Xcode 8.0";
			developmentRegion = en;
			hasScannedForEncodings = 0;
			knownRegions = (
				en,
				Base,
			);
			mainGroup = A7019EFA204D22AD0010EE19;
			productRefGroup = A7019F04204D22AD0010EE19 /* Products */;
			projectDirPath = "";
			projectRoot = "";
			targets = (
				A7019F02204D22AD0010EE19 /* UITableViewSample */,
				A7019F16204D22AD0010EE19 /* UITableViewSampleTests */,
				A7019F21204D22AD0010EE19 /* UITableViewSampleUITests */,
			);
		};
/* End PBXProject section */

/* Begin PBXResourcesBuildPhase section */
		A7019F01204D22AD0010EE19 /* Resources */ = {
			isa = PBXResourcesBuildPhase;
			buildActionMask = 2147483647;
			files = (
				A7019F11204D22AD0010EE19 /* LaunchScreen.storyboard in Resources */,
				A7019F0E204D22AD0010EE19 /* Assets.xcassets in Resources */,
				A7019F0C204D22AD0010EE19 /* Main.storyboard in Resources */,
			);
			runOnlyForDeploymentPostprocessing = 0;
		};
		A7019F15204D22AD0010EE19 /* Resources */ = {
			isa = PBXResourcesBuildPhase;
			buildActionMask = 2147483647;
			files = (
			);
			runOnlyForDeploymentPostprocessing = 0;
		};
		A7019F20204D22AD0010EE19 /* Resources */ = {
			isa = PBXResourcesBuildPhase;
			buildActionMask = 2147483647;
			files = (
			);
			runOnlyForDeploymentPostprocessing = 0;
		};
/* End PBXResourcesBuildPhase section */

/* Begin PBXSourcesBuildPhase section */
		A7019EFF204D22AD0010EE19 /* Sources */ = {
			isa = PBXSourcesBuildPhase;
			buildActionMask = 2147483647;
			files = (
				A7019F09204D22AD0010EE19 /* ViewController.swift in Sources */,
				A7019F07204D22AD0010EE19 /* AppDelegate.swift in Sources */,
			);
			runOnlyForDeploymentPostprocessing = 0;
		};
		A7019F13204D22AD0010EE19 /* Sources */ = {
			isa = PBXSourcesBuildPhase;
			buildActionMask = 2147483647;
			files = (
				A7019F1C204D22AD0010EE19 /* UITableViewSampleTests.swift in Sources */,
			);
			runOnlyForDeploymentPostprocessing = 0;
		};
		A7019F1E204D22AD0010EE19 /* Sources */ = {
			isa = PBXSourcesBuildPhase;
			buildActionMask = 2147483647;
			files = (
				A7019F27204D22AD0010EE19 /* UITableViewSampleUITests.swift in Sources */,
			);
			runOnlyForDeploymentPostprocessing = 0;
		};
/* End PBXSourcesBuildPhase section */

/* Begin PBXTargetDependency section */
		A7019F19204D22AD0010EE19 /* PBXTargetDependency */ = {
			isa = PBXTargetDependency;
			target = A7019F02204D22AD0010EE19 /* UITableViewSample */;
			targetProxy = A7019F18204D22AD0010EE19 /* PBXContainerItemProxy */;
		};
		A7019F24204D22AD0010EE19 /* PBXTargetDependency */ = {
			isa = PBXTargetDependency;
			target = A7019F02204D22AD0010EE19 /* UITableViewSample */;
			targetProxy = A7019F23204D22AD0010EE19 /* PBXContainerItemProxy */;
		};
/* End PBXTargetDependency section */

/* Begin PBXVariantGroup section */
		A7019F0A204D22AD0010EE19 /* Main.storyboard */ = {
			isa = PBXVariantGroup;
			children = (
				A7019F0B204D22AD0010EE19 /* Base */,
			);
			name = Main.storyboard;
			sourceTree = "<group>";
		};
		A7019F0F204D22AD0010EE19 /* LaunchScreen.storyboard */ = {
			isa = PBXVariantGroup;
			children = (
				A7019F10204D22AD0010EE19 /* Base */,
			);
			name = LaunchScreen.storyboard;
			sourceTree = "<group>";
		};
/* End PBXVariantGroup section */

/* Begin XCBuildConfiguration section */
		A7019F29204D22AD0010EE19 /* Debug */ = {
			isa = XCBuildConfiguration;
			buildSettings = {
				ALWAYS_SEARCH_USER_PATHS = NO;
				CLANG_ANALYZER_NONNULL = YES;
				CLANG_ANALYZER_NUMBER_OBJECT_CONVERSION = YES_AGGRESSIVE;
				CLANG_CXX_LANGUAGE_STANDARD = "gnu++14";
				CLANG_CXX_LIBRARY = "libc++";
				CLANG_ENABLE_MODULES = YES;
				CLANG_ENABLE_OBJC_ARC = YES;
				CLANG_WARN_BLOCK_CAPTURE_AUTORELEASING = YES;
				CLANG_WARN_BOOL_CONVERSION = YES;
				CLANG_WARN_COMMA = YES;
				CLANG_WARN_CONSTANT_CONVERSION = YES;
				CLANG_WARN_DIRECT_OBJC_ISA_USAGE = YES_ERROR;
				CLANG_WARN_DOCUMENTATION_COMMENTS = YES;
				CLANG_WARN_EMPTY_BODY = YES;
				CLANG_WARN_ENUM_CONVERSION = YES;
				CLANG_WARN_INFINITE_RECURSION = YES;
				CLANG_WARN_INT_CONVERSION = YES;
				CLANG_WARN_NON_LITERAL_NULL_CONVERSION = YES;
				CLANG_WARN_OBJC_LITERAL_CONVERSION = YES;
				CLANG_WARN_OBJC_ROOT_CLASS = YES_ERROR;
				CLANG_WARN_RANGE_LOOP_ANALYSIS = YES;
				CLANG_WARN_STRICT_PROTOTYPES = YES;
				CLANG_WARN_SUSPICIOUS_MOVE = YES;
				CLANG_WARN_UNGUARDED_AVAILABILITY = YES_AGGRESSIVE;
				CLANG_WARN_UNREACHABLE_CODE = YES;
				CLANG_WARN__DUPLICATE_METHOD_MATCH = YES;
				CODE_SIGN_IDENTITY = "iPhone Developer";
				COPY_PHASE_STRIP = NO;
				DEBUG_INFORMATION_FORMAT = dwarf;
				ENABLE_STRICT_OBJC_MSGSEND = YES;
				ENABLE_TESTABILITY = YES;
				GCC_C_LANGUAGE_STANDARD = gnu11;
				GCC_DYNAMIC_NO_PIC = NO;
				GCC_NO_COMMON_BLOCKS = YES;
				GCC_OPTIMIZATION_LEVEL = 0;
				GCC_PREPROCESSOR_DEFINITIONS = (
					"DEBUG=1",
					"$(inherited)",
				);
				GCC_WARN_64_TO_32_BIT_CONVERSION = YES;
				GCC_WARN_ABOUT_RETURN_TYPE = YES_ERROR;
				GCC_WARN_UNDECLARED_SELECTOR = YES;
				GCC_WARN_UNINITIALIZED_AUTOS = YES_AGGRESSIVE;
				GCC_WARN_UNUSED_FUNCTION = YES;
				GCC_WARN_UNUSED_VARIABLE = YES;
				IPHONEOS_DEPLOYMENT_TARGET = 11.2;
				MTL_ENABLE_DEBUG_INFO = YES;
				ONLY_ACTIVE_ARCH = YES;
				SDKROOT = iphoneos;
				SWIFT_ACTIVE_COMPILATION_CONDITIONS = DEBUG;
				SWIFT_OPTIMIZATION_LEVEL = "-Onone";
			};
			name = Debug;
		};
		A7019F2A204D22AD0010EE19 /* Release */ = {
			isa = XCBuildConfiguration;
			buildSettings = {
				ALWAYS_SEARCH_USER_PATHS = NO;
				CLANG_ANALYZER_NONNULL = YES;
				CLANG_ANALYZER_NUMBER_OBJECT_CONVERSION = YES_AGGRESSIVE;
				CLANG_CXX_LANGUAGE_STANDARD = "gnu++14";
				CLANG_CXX_LIBRARY = "libc++";
				CLANG_ENABLE_MODULES = YES;
				CLANG_ENABLE_OBJC_ARC = YES;
				CLANG_WARN_BLOCK_CAPTURE_AUTORELEASING = YES;
				CLANG_WARN_BOOL_CONVERSION = YES;
				CLANG_WARN_COMMA = YES;
				CLANG_WARN_CONSTANT_CONVERSION = YES;
				CLANG_WARN_DIRECT_OBJC_ISA_USAGE = YES_ERROR;
				CLANG_WARN_DOCUMENTATION_COMMENTS = YES;
				CLANG_WARN_EMPTY_BODY = YES;
				CLANG_WARN_ENUM_CONVERSION = YES;
				CLANG_WARN_INFINITE_RECURSION = YES;
				CLANG_WARN_INT_CONVERSION = YES;
				CLANG_WARN_NON_LITERAL_NULL_CONVERSION = YES;
				CLANG_WARN_OBJC_LITERAL_CONVERSION = YES;
				CLANG_WARN_OBJC_ROOT_CLASS = YES_ERROR;
				CLANG_WARN_RANGE_LOOP_ANALYSIS = YES;
				CLANG_WARN_STRICT_PROTOTYPES = YES;
				CLANG_WARN_SUSPICIOUS_MOVE = YES;
				CLANG_WARN_UNGUARDED_AVAILABILITY = YES_AGGRESSIVE;
				CLANG_WARN_UNREACHABLE_CODE = YES;
				CLANG_WARN__DUPLICATE_METHOD_MATCH = YES;
				CODE_SIGN_IDENTITY = "iPhone Developer";
				COPY_PHASE_STRIP = NO;
				DEBUG_INFORMATION_FORMAT = "dwarf-with-dsym";
				ENABLE_NS_ASSERTIONS = NO;
				ENABLE_STRICT_OBJC_MSGSEND = YES;
				GCC_C_LANGUAGE_STANDARD = gnu11;
				GCC_NO_COMMON_BLOCKS = YES;
				GCC_WARN_64_TO_32_BIT_CONVERSION = YES;
				GCC_WARN_ABOUT_RETURN_TYPE = YES_ERROR;
				GCC_WARN_UNDECLARED_SELECTOR = YES;
				GCC_WARN_UNINITIALIZED_AUTOS = YES_AGGRESSIVE;
				GCC_WARN_UNUSED_FUNCTION = YES;
				GCC_WARN_UNUSED_VARIABLE = YES;
				IPHONEOS_DEPLOYMENT_TARGET = 11.2;
				MTL_ENABLE_DEBUG_INFO = NO;
				SDKROOT = iphoneos;
				SWIFT_OPTIMIZATION_LEVEL = "-Owholemodule";
				VALIDATE_PRODUCT = YES;
			};
			name = Release;
		};
		A7019F2C204D22AD0010EE19 /* Debug */ = {
			isa = XCBuildConfiguration;
			buildSettings = {
				ASSETCATALOG_COMPILER_APPICON_NAME = AppIcon;
				CODE_SIGN_STYLE = Automatic;
				INFOPLIST_FILE = UITableViewSample/Info.plist;
				LD_RUNPATH_SEARCH_PATHS = "$(inherited) @executable_path/Frameworks";
				PRODUCT_BUNDLE_IDENTIFIER = Sample.UITableViewSample;
				PRODUCT_NAME = "$(TARGET_NAME)";
				SWIFT_VERSION = 4.0;
				TARGETED_DEVICE_FAMILY = "1,2";
			};
			name = Debug;
		};
		A7019F2D204D22AD0010EE19 /* Release */ = {
			isa = XCBuildConfiguration;
			buildSettings = {
				ASSETCATALOG_COMPILER_APPICON_NAME = AppIcon;
				CODE_SIGN_STYLE = Automatic;
				INFOPLIST_FILE = UITableViewSample/Info.plist;
				LD_RUNPATH_SEARCH_PATHS = "$(inherited) @executable_path/Frameworks";
				PRODUCT_BUNDLE_IDENTIFIER = Sample.UITableViewSample;
				PRODUCT_NAME = "$(TARGET_NAME)";
				SWIFT_VERSION = 4.0;
				TARGETED_DEVICE_FAMILY = "1,2";
			};
			name = Release;
		};
		A7019F2F204D22AD0010EE19 /* Debug */ = {
			isa = XCBuildConfiguration;
			buildSettings = {
				ALWAYS_EMBED_SWIFT_STANDARD_LIBRARIES = YES;
				BUNDLE_LOADER = "$(TEST_HOST)";
				CODE_SIGN_STYLE = Automatic;
				INFOPLIST_FILE = UITableViewSampleTests/Info.plist;
				LD_RUNPATH_SEARCH_PATHS = "$(inherited) @executable_path/Frameworks @loader_path/Frameworks";
				PRODUCT_BUNDLE_IDENTIFIER = Sample.UITableViewSampleTests;
				PRODUCT_NAME = "$(TARGET_NAME)";
				SWIFT_VERSION = 4.0;
				TARGETED_DEVICE_FAMILY = "1,2";
				TEST_HOST = "$(BUILT_PRODUCTS_DIR)/UITableViewSample.app/UITableViewSample";
			};
			name = Debug;
		};
		A7019F30204D22AD0010EE19 /* Release */ = {
			isa = XCBuildConfiguration;
			buildSettings = {
				ALWAYS_EMBED_SWIFT_STANDARD_LIBRARIES = YES;
				BUNDLE_LOADER = "$(TEST_HOST)";
				CODE_SIGN_STYLE = Automatic;
				INFOPLIST_FILE = UITableViewSampleTests/Info.plist;
				LD_RUNPATH_SEARCH_PATHS = "$(inherited) @executable_path/Frameworks @loader_path/Frameworks";
				PRODUCT_BUNDLE_IDENTIFIER = Sample.UITableViewSampleTests;
				PRODUCT_NAME = "$(TARGET_NAME)";
				SWIFT_VERSION = 4.0;
				TARGETED_DEVICE_FAMILY = "1,2";
				TEST_HOST = "$(BUILT_PRODUCTS_DIR)/UITableViewSample.app/UITableViewSample";
			};
			name = Release;
		};
		A7019F32204D22AD0010EE19 /* Debug */ = {
			isa = XCBuildConfiguration;
			buildSettings = {
				ALWAYS_EMBED_SWIFT_STANDARD_LIBRARIES = YES;
				CODE_SIGN_STYLE = Automatic;
				INFOPLIST_FILE = UITableViewSampleUITests/Info.plist;
				LD_RUNPATH_SEARCH_PATHS = "$(inherited) @executable_path/Frameworks @loader_path/Frameworks";
				PRODUCT_BUNDLE_IDENTIFIER = Sample.UITableViewSampleUITests;
				PRODUCT_NAME = "$(TARGET_NAME)";
				SWIFT_VERSION = 4.0;
				TARGETED_DEVICE_FAMILY = "1,2";
				TEST_TARGET_NAME = UITableViewSample;
			};
			name = Debug;
		};
		A7019F33204D22AD0010EE19 /* Release */ = {
			isa = XCBuildConfiguration;
			buildSettings = {
				ALWAYS_EMBED_SWIFT_STANDARD_LIBRARIES = YES;
				CODE_SIGN_STYLE = Automatic;
				INFOPLIST_FILE = UITableViewSampleUITests/Info.plist;
				LD_RUNPATH_SEARCH_PATHS = "$(inherited) @executable_path/Frameworks @loader_path/Frameworks";
				PRODUCT_BUNDLE_IDENTIFIER = Sample.UITableViewSampleUITests;
				PRODUCT_NAME = "$(TARGET_NAME)";
				SWIFT_VERSION = 4.0;
				TARGETED_DEVICE_FAMILY = "1,2";
				TEST_TARGET_NAME = UITableViewSample;
			};
			name = Release;
		};
/* End XCBuildConfiguration section */

/* Begin XCConfigurationList section */
		A7019EFE204D22AD0010EE19 /* Build configuration list for PBXProject "UITableViewSample" */ = {
			isa = XCConfigurationList;
			buildConfigurations = (
				A7019F29204D22AD0010EE19 /* Debug */,
				A7019F2A204D22AD0010EE19 /* Release */,
			);
			defaultConfigurationIsVisible = 0;
			defaultConfigurationName = Release;
		};
		A7019F2B204D22AD0010EE19 /* Build configuration list for PBXNativeTarget "UITableViewSample" */ = {
			isa = XCConfigurationList;
			buildConfigurations = (
				A7019F2C204D22AD0010EE19 /* Debug */,
				A7019F2D204D22AD0010EE19 /* Release */,
			);
			defaultConfigurationIsVisible = 0;
			defaultConfigurationName = Release;
		};
		A7019F2E204D22AD0010EE19 /* Build configuration list for PBXNativeTarget "UITableViewSampleTests" */ = {
			isa = XCConfigurationList;
			buildConfigurations = (
				A7019F2F204D22AD0010EE19 /* Debug */,
				A7019F30204D22AD0010EE19 /* Release */,
			);
			defaultConfigurationIsVisible = 0;
			defaultConfigurationName = Release;
		};
		A7019F31204D22AD0010EE19 /* Build configuration list for PBXNativeTarget "UITableViewSampleUITests" */ = {
			isa = XCConfigurationList;
			buildConfigurations = (
				A7019F32204D22AD0010EE19 /* Debug */,
				A7019F33204D22AD0010EE19 /* Release */,
			);
			defaultConfigurationIsVisible = 0;
			defaultConfigurationName = Release;
		};
/* End XCConfigurationList section */
	};
	rootObject = A7019EFB204D22AD0010EE19 /* Project object */;
}
